
Microsoft Visual Studio Solution File, Format Version 12.00
# Visual Studio 2013
VisualStudioVersion = 12.0.31101.0
MinimumVisualStudioVersion = 10.0.40219.1
Project("{FAE04EC0-301F-11D3-BF4B-00C04F79EFBC}") = "KrakenApp", "KrakenApp\KrakenApp.csproj", "{346AA300-1756-42C7-923B-0DB9EDF3E9C5}"
EndProject
Project("{FAE04EC0-301F-11D3-BF4B-00C04F79EFBC}") = "KrakenService", "KrakenService\KrakenService.csproj", "{3888C99F-2B02-48AA-9215-2C555D424AE5}"
EndProject
Project("{FAE04EC0-301F-11D3-BF4B-00C04F79EFBC}") = "KrakenClient", "KrakenClient\KrakenClient.csproj", "{6FD7A9D6-CE6D-4B57-BEBB-FAAF2490811E}"
EndProject
Global
	GlobalSection(SolutionConfigurationPlatforms) = preSolution
		Debug|Any CPU = Debug|Any CPU
		Release|Any CPU = Release|Any CPU
	EndGlobalSection
	GlobalSection(ProjectConfigurationPlatforms) = postSolution
		{346AA300-1756-42C7-923B-0DB9EDF3E9C5}.Debug|Any CPU.ActiveCfg = Debug|Any CPU
		{346AA300-1756-42C7-923B-0DB9EDF3E9C5}.Debug|Any CPU.Build.0 = Debug|Any CPU
		{346AA300-1756-42C7-923B-0DB9EDF3E9C5}.Release|Any CPU.ActiveCfg = Release|Any CPU
		{346AA300-1756-42C7-923B-0DB9EDF3E9C5}.Release|Any CPU.Build.0 = Release|Any CPU
		{3888C99F-2B02-48AA-9215-2C555D424AE5}.Debug|Any CPU.ActiveCfg = Debug|Any CPU
		{3888C99F-2B02-48AA-9215-2C555D424AE5}.Debug|Any CPU.Build.0 = Debug|Any CPU
		{3888C99F-2B02-48AA-9215-2C555D424AE5}.Release|Any CPU.ActiveCfg = Release|Any CPU
		{3888C99F-2B02-48AA-9215-2C555D424AE5}.Release|Any CPU.Build.0 = Release|Any CPU
		{6FD7A9D6-CE6D-4B57-BEBB-FAAF2490811E}.Debug|Any CPU.ActiveCfg = Debug|Any CPU
		{6FD7A9D6-CE6D-4B57-BEBB-FAAF2490811E}.Debug|Any CPU.Build.0 = Debug|Any CPU
		{6FD7A9D6-CE6D-4B57-BEBB-FAAF2490811E}.Release|Any CPU.ActiveCfg = Release|Any CPU
		{6FD7A9D6-CE6D-4B57-BEBB-FAAF2490811E}.Release|Any CPU.Build.0 = Release|Any CPU
	EndGlobalSection
	GlobalSection(SolutionProperties) = preSolution
		HideSolutionNode = FALSE
	EndGlobalSection
EndGlobal
